// !$*UTF8*$!
{
	archiveVersion = 1;
	classes = {
	};
	objectVersion = 48;
	objects = {

/* Begin PBXBuildFile section */
		31A21C3687DBD7EA32825068 /* Pods_Epitech_EisenhowerUITests.framework in Frameworks */ = {isa = PBXBuildFile; fileRef = F8433490DEE4031725704A1B /* Pods_Epitech_EisenhowerUITests.framework */; };
		72231AC535A5ECC0DB070651 /* Pods_Epitech_Eisenhower.framework in Frameworks */ = {isa = PBXBuildFile; fileRef = 06BFF1B1497CBBF75CD2E7A9 /* Pods_Epitech_Eisenhower.framework */; };
		7CC3F27A5A878548A01FB394 /* Pods_Epitech_EisenhowerTests.framework in Frameworks */ = {isa = PBXBuildFile; fileRef = 01E06F0C9DAC72CAB2D53265 /* Pods_Epitech_EisenhowerTests.framework */; };
		FA11BC442052D11700DAD993 /* LoginRouter.swift in Sources */ = {isa = PBXBuildFile; fileRef = FA11BC432052D11700DAD993 /* LoginRouter.swift */; };
		FA11BC462052D39300DAD993 /* RestAPITask.swift in Sources */ = {isa = PBXBuildFile; fileRef = FA11BC452052D39300DAD993 /* RestAPITask.swift */; };
		FA1D650B2056CE7200436616 /* UIButtonExtension.swift in Sources */ = {isa = PBXBuildFile; fileRef = FA1D650A2056CE7200436616 /* UIButtonExtension.swift */; };
		FA2A79EE205A7AA700F8C742 /* DateExtension.swift in Sources */ = {isa = PBXBuildFile; fileRef = FA2A79ED205A7AA700F8C742 /* DateExtension.swift */; };
		FA2A79F0205AA5B400F8C742 /* RouteAPI.swift in Sources */ = {isa = PBXBuildFile; fileRef = FA2A79EF205AA5B400F8C742 /* RouteAPI.swift */; };
		FA2A79F2205AB0A700F8C742 /* TaksRouter.swift in Sources */ = {isa = PBXBuildFile; fileRef = FA2A79F1205AB0A700F8C742 /* TaksRouter.swift */; };
		FA2A79F4205AB0B100F8C742 /* TaskPresenter.swift in Sources */ = {isa = PBXBuildFile; fileRef = FA2A79F3205AB0B100F8C742 /* TaskPresenter.swift */; };
		FA2A79F6205AB0BE00F8C742 /* TaskInteractor.swift in Sources */ = {isa = PBXBuildFile; fileRef = FA2A79F5205AB0BE00F8C742 /* TaskInteractor.swift */; };
		FA2A79F8205AB10000F8C742 /* TaskDetailViewController.swift in Sources */ = {isa = PBXBuildFile; fileRef = FA2A79F7205AB10000F8C742 /* TaskDetailViewController.swift */; };
		FA2A79FA205AB72800F8C742 /* RestAPIUser.swift in Sources */ = {isa = PBXBuildFile; fileRef = FA2A79F9205AB72800F8C742 /* RestAPIUser.swift */; };
		FA366D2E204E9A520019C725 /* TaskState.swift in Sources */ = {isa = PBXBuildFile; fileRef = FA366D2D204E9A520019C725 /* TaskState.swift */; };
		FA366D31204E9CE10019C725 /* HomeViewController.swift in Sources */ = {isa = PBXBuildFile; fileRef = FA366D30204E9CE10019C725 /* HomeViewController.swift */; };
		FA366D33204E9D060019C725 /* HomePresenter.swift in Sources */ = {isa = PBXBuildFile; fileRef = FA366D32204E9D060019C725 /* HomePresenter.swift */; };
		FA366D35204E9D140019C725 /* HomeInteractor.swift in Sources */ = {isa = PBXBuildFile; fileRef = FA366D34204E9D140019C725 /* HomeInteractor.swift */; };
		FA366D38204E9D460019C725 /* RestAPIBase.swift in Sources */ = {isa = PBXBuildFile; fileRef = FA366D37204E9D460019C725 /* RestAPIBase.swift */; };
		FA366D3B204E9E070019C725 /* Cancelable.swift in Sources */ = {isa = PBXBuildFile; fileRef = FA366D3A204E9E070019C725 /* Cancelable.swift */; };
		FA3B29DB2057C7580041B207 /* ProfileDetailViewController.swift in Sources */ = {isa = PBXBuildFile; fileRef = FA3B29DA2057C7580041B207 /* ProfileDetailViewController.swift */; };
		FA3B29DD2057C7AB0041B207 /* ProfilePresenter.swift in Sources */ = {isa = PBXBuildFile; fileRef = FA3B29DC2057C7AB0041B207 /* ProfilePresenter.swift */; };
		FA3B29DF2057C82C0041B207 /* ProfileInteractor.swift in Sources */ = {isa = PBXBuildFile; fileRef = FA3B29DE2057C82C0041B207 /* ProfileInteractor.swift */; };
		FA3B29E12057C8490041B207 /* ProfileRouter.swift in Sources */ = {isa = PBXBuildFile; fileRef = FA3B29E02057C8490041B207 /* ProfileRouter.swift */; };
		FA3B29E42057CE1C0041B207 /* R.generated.swift in Sources */ = {isa = PBXBuildFile; fileRef = FA3B29E32057CE1C0041B207 /* R.generated.swift */; };
		FA3DE4A92059546800D9DD28 /* TaskList.swift in Sources */ = {isa = PBXBuildFile; fileRef = FA3DE4A82059546800D9DD28 /* TaskList.swift */; };
		FA3DE4AC205962FF00D9DD28 /* AddTaskCollectionViewCell.swift in Sources */ = {isa = PBXBuildFile; fileRef = FA3DE4AB205962FF00D9DD28 /* AddTaskCollectionViewCell.swift */; };
		FA3DE4AE2059657300D9DD28 /* TaskPreviewCollectionViewCell.swift in Sources */ = {isa = PBXBuildFile; fileRef = FA3DE4AD2059657300D9DD28 /* TaskPreviewCollectionViewCell.swift */; };
		FA4ADC06204EEBC2008A7306 /* RestAPIAuthentication.swift in Sources */ = {isa = PBXBuildFile; fileRef = FA4ADC05204EEBC2008A7306 /* RestAPIAuthentication.swift */; };
		FA4ADC08204EF0AB008A7306 /* UIColorExtension.swift in Sources */ = {isa = PBXBuildFile; fileRef = FA4ADC07204EF0AB008A7306 /* UIColorExtension.swift */; };
		FA50C5D92057C02E0040631F /* HomeRouter.swift in Sources */ = {isa = PBXBuildFile; fileRef = FA50C5D82057C02E0040631F /* HomeRouter.swift */; };
		FA53D8A0205FC112005C3C82 /* UIImageView.swift in Sources */ = {isa = PBXBuildFile; fileRef = FA53D89F205FC112005C3C82 /* UIImageView.swift */; };
		FA59F1B220455422008F3F4D /* AppDelegate.swift in Sources */ = {isa = PBXBuildFile; fileRef = FA59F1B120455422008F3F4D /* AppDelegate.swift */; };
		FA59F1B720455422008F3F4D /* Main.storyboard in Resources */ = {isa = PBXBuildFile; fileRef = FA59F1B520455422008F3F4D /* Main.storyboard */; };
		FA59F1B920455422008F3F4D /* Assets.xcassets in Resources */ = {isa = PBXBuildFile; fileRef = FA59F1B820455422008F3F4D /* Assets.xcassets */; };
		FA59F1BC20455422008F3F4D /* LaunchScreen.storyboard in Resources */ = {isa = PBXBuildFile; fileRef = FA59F1BA20455422008F3F4D /* LaunchScreen.storyboard */; };
		FA59F1C720455422008F3F4D /* Epitech_EisenhowerTests.swift in Sources */ = {isa = PBXBuildFile; fileRef = FA59F1C620455422008F3F4D /* Epitech_EisenhowerTests.swift */; };
		FA59F1D220455422008F3F4D /* Epitech_EisenhowerUITests.swift in Sources */ = {isa = PBXBuildFile; fileRef = FA59F1D120455422008F3F4D /* Epitech_EisenhowerUITests.swift */; };
		FA59F1E12045553B008F3F4D /* TaskType.swift in Sources */ = {isa = PBXBuildFile; fileRef = FA59F1E02045553B008F3F4D /* TaskType.swift */; };
		FA59F1E420455787008F3F4D /* Task.swift in Sources */ = {isa = PBXBuildFile; fileRef = FA59F1E320455787008F3F4D /* Task.swift */; };
		FA59F1E620455836008F3F4D /* User.swift in Sources */ = {isa = PBXBuildFile; fileRef = FA59F1E520455836008F3F4D /* User.swift */; };
		FA59F1E9204558E9008F3F4D /* Constants.swift in Sources */ = {isa = PBXBuildFile; fileRef = FA59F1E8204558E9008F3F4D /* Constants.swift */; };
		FA59F1EC2045595D008F3F4D /* StringExtension.swift in Sources */ = {isa = PBXBuildFile; fileRef = FA59F1EB2045595D008F3F4D /* StringExtension.swift */; };
		FA728E7A2050159300F45D24 /* Output.swift in Sources */ = {isa = PBXBuildFile; fileRef = FA728E792050159300F45D24 /* Output.swift */; };
		FA728E7C2050166F00F45D24 /* Networkable.swift in Sources */ = {isa = PBXBuildFile; fileRef = FA728E7B2050166F00F45D24 /* Networkable.swift */; };
		FA8361912068E9AF009EA912 /* Notifiable.swift in Sources */ = {isa = PBXBuildFile; fileRef = FA8361902068E9AF009EA912 /* Notifiable.swift */; };
		FAA2BA58206D0B6E0059DB33 /* LogResponse.swift in Sources */ = {isa = PBXBuildFile; fileRef = FAA2BA57206D0B6E0059DB33 /* LogResponse.swift */; };
		FAB37532204EA5D2007BE02C /* LoginViewController.swift in Sources */ = {isa = PBXBuildFile; fileRef = FAB37531204EA5D2007BE02C /* LoginViewController.swift */; };
		FAB37534204EA5E6007BE02C /* LoginPresenter.swift in Sources */ = {isa = PBXBuildFile; fileRef = FAB37533204EA5E6007BE02C /* LoginPresenter.swift */; };
		FAB37536204EA5F3007BE02C /* LoginInteractor.swift in Sources */ = {isa = PBXBuildFile; fileRef = FAB37535204EA5F3007BE02C /* LoginInteractor.swift */; };
		FAC810DB205C10B400588A47 /* Exitable.swift in Sources */ = {isa = PBXBuildFile; fileRef = FAC810DA205C10B400588A47 /* Exitable.swift */; };
		FACCA6322065358B00B46EB0 /* UserListRouter.swift in Sources */ = {isa = PBXBuildFile; fileRef = FACCA6312065358B00B46EB0 /* UserListRouter.swift */; };
		FACCA6342065359800B46EB0 /* UserListPresenter.swift in Sources */ = {isa = PBXBuildFile; fileRef = FACCA6332065359800B46EB0 /* UserListPresenter.swift */; };
		FACCA636206535A500B46EB0 /* UserListInteractor.swift in Sources */ = {isa = PBXBuildFile; fileRef = FACCA635206535A500B46EB0 /* UserListInteractor.swift */; };
		FACCA638206535B100B46EB0 /* UserListViewController.swift in Sources */ = {isa = PBXBuildFile; fileRef = FACCA637206535B100B46EB0 /* UserListViewController.swift */; };
		FACFF0CC206B8E1F00B54461 /* ProfilePicture.swift in Sources */ = {isa = PBXBuildFile; fileRef = FACFF0CB206B8E1F00B54461 /* ProfilePicture.swift */; };
		FACFF0D4206BCF3D00B54461 /* NetworkError.swift in Sources */ = {isa = PBXBuildFile; fileRef = FACFF0D3206BCF3D00B54461 /* NetworkError.swift */; };
		FACFF0D6206BD09600B54461 /* Reachable.swift in Sources */ = {isa = PBXBuildFile; fileRef = FACFF0D5206BD09600B54461 /* Reachable.swift */; };
		FAD5FE32206E80DB0049500C /* TaskPreviewCellProtocol.swift in Sources */ = {isa = PBXBuildFile; fileRef = FAD5FE31206E80DB0049500C /* TaskPreviewCellProtocol.swift */; };
		FAEA658A2068FCFB0087AD34 /* UserList.swift in Sources */ = {isa = PBXBuildFile; fileRef = FAEA65892068FCFB0087AD34 /* UserList.swift */; };
		FAEA658D20691E850087AD34 /* UserListTableViewCell.swift in Sources */ = {isa = PBXBuildFile; fileRef = FAEA658C20691E850087AD34 /* UserListTableViewCell.swift */; };
		FAEBDAB1205BF87300B8953A /* UITextViewExtension.swift in Sources */ = {isa = PBXBuildFile; fileRef = FAEBDAB0205BF87300B8953A /* UITextViewExtension.swift */; };
/* End PBXBuildFile section */

/* Begin PBXContainerItemProxy section */
		FA59F1C320455422008F3F4D /* PBXContainerItemProxy */ = {
			isa = PBXContainerItemProxy;
			containerPortal = FA59F1A620455421008F3F4D /* Project object */;
			proxyType = 1;
			remoteGlobalIDString = FA59F1AD20455422008F3F4D;
			remoteInfo = "Epitech-Eisenhower";
		};
		FA59F1CE20455422008F3F4D /* PBXContainerItemProxy */ = {
			isa = PBXContainerItemProxy;
			containerPortal = FA59F1A620455421008F3F4D /* Project object */;
			proxyType = 1;
			remoteGlobalIDString = FA59F1AD20455422008F3F4D;
			remoteInfo = "Epitech-Eisenhower";
		};
/* End PBXContainerItemProxy section */

/* Begin PBXFileReference section */
		01E06F0C9DAC72CAB2D53265 /* Pods_Epitech_EisenhowerTests.framework */ = {isa = PBXFileReference; explicitFileType = wrapper.framework; includeInIndex = 0; path = Pods_Epitech_EisenhowerTests.framework; sourceTree = BUILT_PRODUCTS_DIR; };
		01E30181FDA37739BF0D501C /* Pods-Epitech-EisenhowerUITests.release.xcconfig */ = {isa = PBXFileReference; includeInIndex = 1; lastKnownFileType = text.xcconfig; name = "Pods-Epitech-EisenhowerUITests.release.xcconfig"; path = "Pods/Target Support Files/Pods-Epitech-EisenhowerUITests/Pods-Epitech-EisenhowerUITests.release.xcconfig"; sourceTree = "<group>"; };
		06BFF1B1497CBBF75CD2E7A9 /* Pods_Epitech_Eisenhower.framework */ = {isa = PBXFileReference; explicitFileType = wrapper.framework; includeInIndex = 0; path = Pods_Epitech_Eisenhower.framework; sourceTree = BUILT_PRODUCTS_DIR; };
		2BAD69650A869439D6A43DB1 /* Pods-Epitech-EisenhowerTests.release.xcconfig */ = {isa = PBXFileReference; includeInIndex = 1; lastKnownFileType = text.xcconfig; name = "Pods-Epitech-EisenhowerTests.release.xcconfig"; path = "Pods/Target Support Files/Pods-Epitech-EisenhowerTests/Pods-Epitech-EisenhowerTests.release.xcconfig"; sourceTree = "<group>"; };
		2EE6407A168479F72DAF5FDA /* Pods-Epitech-EisenhowerTests.debug.xcconfig */ = {isa = PBXFileReference; includeInIndex = 1; lastKnownFileType = text.xcconfig; name = "Pods-Epitech-EisenhowerTests.debug.xcconfig"; path = "Pods/Target Support Files/Pods-Epitech-EisenhowerTests/Pods-Epitech-EisenhowerTests.debug.xcconfig"; sourceTree = "<group>"; };
		387D61E1A37AF020728D05AF /* Pods-Epitech-EisenhowerUITests.debug.xcconfig */ = {isa = PBXFileReference; includeInIndex = 1; lastKnownFileType = text.xcconfig; name = "Pods-Epitech-EisenhowerUITests.debug.xcconfig"; path = "Pods/Target Support Files/Pods-Epitech-EisenhowerUITests/Pods-Epitech-EisenhowerUITests.debug.xcconfig"; sourceTree = "<group>"; };
		9D52EC8BCFBA68D4E0E79418 /* Pods-Epitech-Eisenhower.release.xcconfig */ = {isa = PBXFileReference; includeInIndex = 1; lastKnownFileType = text.xcconfig; name = "Pods-Epitech-Eisenhower.release.xcconfig"; path = "Pods/Target Support Files/Pods-Epitech-Eisenhower/Pods-Epitech-Eisenhower.release.xcconfig"; sourceTree = "<group>"; };
		F4D0E168341AA4DD19133479 /* Pods-Epitech-Eisenhower.debug.xcconfig */ = {isa = PBXFileReference; includeInIndex = 1; lastKnownFileType = text.xcconfig; name = "Pods-Epitech-Eisenhower.debug.xcconfig"; path = "Pods/Target Support Files/Pods-Epitech-Eisenhower/Pods-Epitech-Eisenhower.debug.xcconfig"; sourceTree = "<group>"; };
		F8433490DEE4031725704A1B /* Pods_Epitech_EisenhowerUITests.framework */ = {isa = PBXFileReference; explicitFileType = wrapper.framework; includeInIndex = 0; path = Pods_Epitech_EisenhowerUITests.framework; sourceTree = BUILT_PRODUCTS_DIR; };
		FA11BC432052D11700DAD993 /* LoginRouter.swift */ = {isa = PBXFileReference; lastKnownFileType = sourcecode.swift; path = LoginRouter.swift; sourceTree = "<group>"; };
		FA11BC452052D39300DAD993 /* RestAPITask.swift */ = {isa = PBXFileReference; lastKnownFileType = sourcecode.swift; path = RestAPITask.swift; sourceTree = "<group>"; };
		FA1D650A2056CE7200436616 /* UIButtonExtension.swift */ = {isa = PBXFileReference; lastKnownFileType = sourcecode.swift; path = UIButtonExtension.swift; sourceTree = "<group>"; };
		FA2A79ED205A7AA700F8C742 /* DateExtension.swift */ = {isa = PBXFileReference; lastKnownFileType = sourcecode.swift; path = DateExtension.swift; sourceTree = "<group>"; };
		FA2A79EF205AA5B400F8C742 /* RouteAPI.swift */ = {isa = PBXFileReference; lastKnownFileType = sourcecode.swift; path = RouteAPI.swift; sourceTree = "<group>"; };
		FA2A79F1205AB0A700F8C742 /* TaksRouter.swift */ = {isa = PBXFileReference; lastKnownFileType = sourcecode.swift; path = TaksRouter.swift; sourceTree = "<group>"; };
		FA2A79F3205AB0B100F8C742 /* TaskPresenter.swift */ = {isa = PBXFileReference; lastKnownFileType = sourcecode.swift; path = TaskPresenter.swift; sourceTree = "<group>"; };
		FA2A79F5205AB0BE00F8C742 /* TaskInteractor.swift */ = {isa = PBXFileReference; lastKnownFileType = sourcecode.swift; path = TaskInteractor.swift; sourceTree = "<group>"; };
		FA2A79F7205AB10000F8C742 /* TaskDetailViewController.swift */ = {isa = PBXFileReference; lastKnownFileType = sourcecode.swift; path = TaskDetailViewController.swift; sourceTree = "<group>"; };
		FA2A79F9205AB72800F8C742 /* RestAPIUser.swift */ = {isa = PBXFileReference; lastKnownFileType = sourcecode.swift; path = RestAPIUser.swift; sourceTree = "<group>"; };
		FA366D2D204E9A520019C725 /* TaskState.swift */ = {isa = PBXFileReference; lastKnownFileType = sourcecode.swift; path = TaskState.swift; sourceTree = "<group>"; };
		FA366D30204E9CE10019C725 /* HomeViewController.swift */ = {isa = PBXFileReference; lastKnownFileType = sourcecode.swift; path = HomeViewController.swift; sourceTree = "<group>"; };
		FA366D32204E9D060019C725 /* HomePresenter.swift */ = {isa = PBXFileReference; lastKnownFileType = sourcecode.swift; path = HomePresenter.swift; sourceTree = "<group>"; };
		FA366D34204E9D140019C725 /* HomeInteractor.swift */ = {isa = PBXFileReference; lastKnownFileType = sourcecode.swift; path = HomeInteractor.swift; sourceTree = "<group>"; };
		FA366D37204E9D460019C725 /* RestAPIBase.swift */ = {isa = PBXFileReference; lastKnownFileType = sourcecode.swift; path = RestAPIBase.swift; sourceTree = "<group>"; };
		FA366D3A204E9E070019C725 /* Cancelable.swift */ = {isa = PBXFileReference; lastKnownFileType = sourcecode.swift; path = Cancelable.swift; sourceTree = "<group>"; };
		FA3B29DA2057C7580041B207 /* ProfileDetailViewController.swift */ = {isa = PBXFileReference; lastKnownFileType = sourcecode.swift; path = ProfileDetailViewController.swift; sourceTree = "<group>"; };
		FA3B29DC2057C7AB0041B207 /* ProfilePresenter.swift */ = {isa = PBXFileReference; lastKnownFileType = sourcecode.swift; path = ProfilePresenter.swift; sourceTree = "<group>"; };
		FA3B29DE2057C82C0041B207 /* ProfileInteractor.swift */ = {isa = PBXFileReference; lastKnownFileType = sourcecode.swift; path = ProfileInteractor.swift; sourceTree = "<group>"; };
		FA3B29E02057C8490041B207 /* ProfileRouter.swift */ = {isa = PBXFileReference; lastKnownFileType = sourcecode.swift; path = ProfileRouter.swift; sourceTree = "<group>"; };
		FA3B29E32057CE1C0041B207 /* R.generated.swift */ = {isa = PBXFileReference; fileEncoding = 4; lastKnownFileType = sourcecode.swift; path = R.generated.swift; sourceTree = "<group>"; };
		FA3DE4A82059546800D9DD28 /* TaskList.swift */ = {isa = PBXFileReference; lastKnownFileType = sourcecode.swift; path = TaskList.swift; sourceTree = "<group>"; };
		FA3DE4AB205962FF00D9DD28 /* AddTaskCollectionViewCell.swift */ = {isa = PBXFileReference; lastKnownFileType = sourcecode.swift; path = AddTaskCollectionViewCell.swift; sourceTree = "<group>"; };
		FA3DE4AD2059657300D9DD28 /* TaskPreviewCollectionViewCell.swift */ = {isa = PBXFileReference; lastKnownFileType = sourcecode.swift; path = TaskPreviewCollectionViewCell.swift; sourceTree = "<group>"; };
		FA4ADC05204EEBC2008A7306 /* RestAPIAuthentication.swift */ = {isa = PBXFileReference; lastKnownFileType = sourcecode.swift; path = RestAPIAuthentication.swift; sourceTree = "<group>"; };
		FA4ADC07204EF0AB008A7306 /* UIColorExtension.swift */ = {isa = PBXFileReference; lastKnownFileType = sourcecode.swift; path = UIColorExtension.swift; sourceTree = "<group>"; };
		FA50C5D82057C02E0040631F /* HomeRouter.swift */ = {isa = PBXFileReference; lastKnownFileType = sourcecode.swift; path = HomeRouter.swift; sourceTree = "<group>"; };
		FA53D89F205FC112005C3C82 /* UIImageView.swift */ = {isa = PBXFileReference; lastKnownFileType = sourcecode.swift; path = UIImageView.swift; sourceTree = "<group>"; };
		FA59F1AE20455422008F3F4D /* Epitech-Eisenhower.app */ = {isa = PBXFileReference; explicitFileType = wrapper.application; includeInIndex = 0; path = "Epitech-Eisenhower.app"; sourceTree = BUILT_PRODUCTS_DIR; };
		FA59F1B120455422008F3F4D /* AppDelegate.swift */ = {isa = PBXFileReference; lastKnownFileType = sourcecode.swift; path = AppDelegate.swift; sourceTree = "<group>"; };
		FA59F1B620455422008F3F4D /* Base */ = {isa = PBXFileReference; lastKnownFileType = file.storyboard; name = Base; path = Base.lproj/Main.storyboard; sourceTree = "<group>"; };
		FA59F1B820455422008F3F4D /* Assets.xcassets */ = {isa = PBXFileReference; lastKnownFileType = folder.assetcatalog; path = Assets.xcassets; sourceTree = "<group>"; };
		FA59F1BB20455422008F3F4D /* Base */ = {isa = PBXFileReference; lastKnownFileType = file.storyboard; name = Base; path = Base.lproj/LaunchScreen.storyboard; sourceTree = "<group>"; };
		FA59F1BD20455422008F3F4D /* Info.plist */ = {isa = PBXFileReference; lastKnownFileType = text.plist.xml; path = Info.plist; sourceTree = "<group>"; };
		FA59F1C220455422008F3F4D /* Epitech-EisenhowerTests.xctest */ = {isa = PBXFileReference; explicitFileType = wrapper.cfbundle; includeInIndex = 0; path = "Epitech-EisenhowerTests.xctest"; sourceTree = BUILT_PRODUCTS_DIR; };
		FA59F1C620455422008F3F4D /* Epitech_EisenhowerTests.swift */ = {isa = PBXFileReference; lastKnownFileType = sourcecode.swift; path = Epitech_EisenhowerTests.swift; sourceTree = "<group>"; };
		FA59F1C820455422008F3F4D /* Info.plist */ = {isa = PBXFileReference; lastKnownFileType = text.plist.xml; path = Info.plist; sourceTree = "<group>"; };
		FA59F1CD20455422008F3F4D /* Epitech-EisenhowerUITests.xctest */ = {isa = PBXFileReference; explicitFileType = wrapper.cfbundle; includeInIndex = 0; path = "Epitech-EisenhowerUITests.xctest"; sourceTree = BUILT_PRODUCTS_DIR; };
		FA59F1D120455422008F3F4D /* Epitech_EisenhowerUITests.swift */ = {isa = PBXFileReference; lastKnownFileType = sourcecode.swift; path = Epitech_EisenhowerUITests.swift; sourceTree = "<group>"; };
		FA59F1D320455422008F3F4D /* Info.plist */ = {isa = PBXFileReference; lastKnownFileType = text.plist.xml; path = Info.plist; sourceTree = "<group>"; };
		FA59F1E02045553B008F3F4D /* TaskType.swift */ = {isa = PBXFileReference; lastKnownFileType = sourcecode.swift; path = TaskType.swift; sourceTree = "<group>"; };
		FA59F1E320455787008F3F4D /* Task.swift */ = {isa = PBXFileReference; lastKnownFileType = sourcecode.swift; path = Task.swift; sourceTree = "<group>"; };
		FA59F1E520455836008F3F4D /* User.swift */ = {isa = PBXFileReference; lastKnownFileType = sourcecode.swift; path = User.swift; sourceTree = "<group>"; };
		FA59F1E8204558E9008F3F4D /* Constants.swift */ = {isa = PBXFileReference; lastKnownFileType = sourcecode.swift; path = Constants.swift; sourceTree = "<group>"; };
		FA59F1EB2045595D008F3F4D /* StringExtension.swift */ = {isa = PBXFileReference; lastKnownFileType = sourcecode.swift; path = StringExtension.swift; sourceTree = "<group>"; };
		FA728E792050159300F45D24 /* Output.swift */ = {isa = PBXFileReference; lastKnownFileType = sourcecode.swift; path = Output.swift; sourceTree = "<group>"; };
		FA728E7B2050166F00F45D24 /* Networkable.swift */ = {isa = PBXFileReference; lastKnownFileType = sourcecode.swift; path = Networkable.swift; sourceTree = "<group>"; };
		FA8361902068E9AF009EA912 /* Notifiable.swift */ = {isa = PBXFileReference; lastKnownFileType = sourcecode.swift; path = Notifiable.swift; sourceTree = "<group>"; };
		FAA2BA57206D0B6E0059DB33 /* LogResponse.swift */ = {isa = PBXFileReference; lastKnownFileType = sourcecode.swift; path = LogResponse.swift; sourceTree = "<group>"; };
		FAB37531204EA5D2007BE02C /* LoginViewController.swift */ = {isa = PBXFileReference; lastKnownFileType = sourcecode.swift; path = LoginViewController.swift; sourceTree = "<group>"; };
		FAB37533204EA5E6007BE02C /* LoginPresenter.swift */ = {isa = PBXFileReference; lastKnownFileType = sourcecode.swift; path = LoginPresenter.swift; sourceTree = "<group>"; };
		FAB37535204EA5F3007BE02C /* LoginInteractor.swift */ = {isa = PBXFileReference; lastKnownFileType = sourcecode.swift; path = LoginInteractor.swift; sourceTree = "<group>"; };
		FAC810DA205C10B400588A47 /* Exitable.swift */ = {isa = PBXFileReference; lastKnownFileType = sourcecode.swift; path = Exitable.swift; sourceTree = "<group>"; };
		FACCA6312065358B00B46EB0 /* UserListRouter.swift */ = {isa = PBXFileReference; lastKnownFileType = sourcecode.swift; path = UserListRouter.swift; sourceTree = "<group>"; };
		FACCA6332065359800B46EB0 /* UserListPresenter.swift */ = {isa = PBXFileReference; lastKnownFileType = sourcecode.swift; path = UserListPresenter.swift; sourceTree = "<group>"; };
		FACCA635206535A500B46EB0 /* UserListInteractor.swift */ = {isa = PBXFileReference; lastKnownFileType = sourcecode.swift; path = UserListInteractor.swift; sourceTree = "<group>"; };
		FACCA637206535B100B46EB0 /* UserListViewController.swift */ = {isa = PBXFileReference; lastKnownFileType = sourcecode.swift; path = UserListViewController.swift; sourceTree = "<group>"; };
		FACFF0CB206B8E1F00B54461 /* ProfilePicture.swift */ = {isa = PBXFileReference; lastKnownFileType = sourcecode.swift; path = ProfilePicture.swift; sourceTree = "<group>"; };
		FACFF0D3206BCF3D00B54461 /* NetworkError.swift */ = {isa = PBXFileReference; lastKnownFileType = sourcecode.swift; path = NetworkError.swift; sourceTree = "<group>"; };
		FACFF0D5206BD09600B54461 /* Reachable.swift */ = {isa = PBXFileReference; lastKnownFileType = sourcecode.swift; path = Reachable.swift; sourceTree = "<group>"; };
		FAD5FE31206E80DB0049500C /* TaskPreviewCellProtocol.swift */ = {isa = PBXFileReference; lastKnownFileType = sourcecode.swift; path = TaskPreviewCellProtocol.swift; sourceTree = "<group>"; };
		FAEA65892068FCFB0087AD34 /* UserList.swift */ = {isa = PBXFileReference; lastKnownFileType = sourcecode.swift; path = UserList.swift; sourceTree = "<group>"; };
		FAEA658C20691E850087AD34 /* UserListTableViewCell.swift */ = {isa = PBXFileReference; lastKnownFileType = sourcecode.swift; path = UserListTableViewCell.swift; sourceTree = "<group>"; };
		FAEBDAB0205BF87300B8953A /* UITextViewExtension.swift */ = {isa = PBXFileReference; lastKnownFileType = sourcecode.swift; path = UITextViewExtension.swift; sourceTree = "<group>"; };
/* End PBXFileReference section */

/* Begin PBXFrameworksBuildPhase section */
		FA59F1AB20455422008F3F4D /* Frameworks */ = {
			isa = PBXFrameworksBuildPhase;
			buildActionMask = 2147483647;
			files = (
				72231AC535A5ECC0DB070651 /* Pods_Epitech_Eisenhower.framework in Frameworks */,
			);
			runOnlyForDeploymentPostprocessing = 0;
		};
		FA59F1BF20455422008F3F4D /* Frameworks */ = {
			isa = PBXFrameworksBuildPhase;
			buildActionMask = 2147483647;
			files = (
				7CC3F27A5A878548A01FB394 /* Pods_Epitech_EisenhowerTests.framework in Frameworks */,
			);
			runOnlyForDeploymentPostprocessing = 0;
		};
		FA59F1CA20455422008F3F4D /* Frameworks */ = {
			isa = PBXFrameworksBuildPhase;
			buildActionMask = 2147483647;
			files = (
				31A21C3687DBD7EA32825068 /* Pods_Epitech_EisenhowerUITests.framework in Frameworks */,
			);
			runOnlyForDeploymentPostprocessing = 0;
		};
/* End PBXFrameworksBuildPhase section */

/* Begin PBXGroup section */
		96E5AC1E8F41F9F54E0482ED /* Frameworks */ = {
			isa = PBXGroup;
			children = (
				06BFF1B1497CBBF75CD2E7A9 /* Pods_Epitech_Eisenhower.framework */,
				01E06F0C9DAC72CAB2D53265 /* Pods_Epitech_EisenhowerTests.framework */,
				F8433490DEE4031725704A1B /* Pods_Epitech_EisenhowerUITests.framework */,
			);
			name = Frameworks;
			sourceTree = "<group>";
		};
		CAECBBF03F32F2D6D2043602 /* Pods */ = {
			isa = PBXGroup;
			children = (
				F4D0E168341AA4DD19133479 /* Pods-Epitech-Eisenhower.debug.xcconfig */,
				9D52EC8BCFBA68D4E0E79418 /* Pods-Epitech-Eisenhower.release.xcconfig */,
				2EE6407A168479F72DAF5FDA /* Pods-Epitech-EisenhowerTests.debug.xcconfig */,
				2BAD69650A869439D6A43DB1 /* Pods-Epitech-EisenhowerTests.release.xcconfig */,
				387D61E1A37AF020728D05AF /* Pods-Epitech-EisenhowerUITests.debug.xcconfig */,
				01E30181FDA37739BF0D501C /* Pods-Epitech-EisenhowerUITests.release.xcconfig */,
			);
			name = Pods;
			sourceTree = "<group>";
		};
		FA245A922056AB8600D3874C /* Modules */ = {
			isa = PBXGroup;
			children = (
				FACCA630206531BA00B46EB0 /* UserList */,
				FA245A942056ABA600D3874C /* ProfileDetail */,
				FA245A932056AB9E00D3874C /* TaskDetail */,
				FA366D2F204E9CCF0019C725 /* Home */,
				FAB37530204EA5C0007BE02C /* Login */,
			);
			path = Modules;
			sourceTree = "<group>";
		};
		FA245A932056AB9E00D3874C /* TaskDetail */ = {
			isa = PBXGroup;
			children = (
				FA2A79F1205AB0A700F8C742 /* TaksRouter.swift */,
				FA2A79F3205AB0B100F8C742 /* TaskPresenter.swift */,
				FA2A79F5205AB0BE00F8C742 /* TaskInteractor.swift */,
				FA2A79F7205AB10000F8C742 /* TaskDetailViewController.swift */,
			);
			path = TaskDetail;
			sourceTree = "<group>";
		};
		FA245A942056ABA600D3874C /* ProfileDetail */ = {
			isa = PBXGroup;
			children = (
				FA3B29DA2057C7580041B207 /* ProfileDetailViewController.swift */,
				FA3B29DC2057C7AB0041B207 /* ProfilePresenter.swift */,
				FA3B29DE2057C82C0041B207 /* ProfileInteractor.swift */,
				FA3B29E02057C8490041B207 /* ProfileRouter.swift */,
			);
			path = ProfileDetail;
			sourceTree = "<group>";
		};
		FA366D2F204E9CCF0019C725 /* Home */ = {
			isa = PBXGroup;
			children = (
				FA3DE4AA20595B5700D9DD28 /* CustomCell */,
				FA366D30204E9CE10019C725 /* HomeViewController.swift */,
				FA366D32204E9D060019C725 /* HomePresenter.swift */,
				FA366D34204E9D140019C725 /* HomeInteractor.swift */,
				FA50C5D82057C02E0040631F /* HomeRouter.swift */,
			);
			path = Home;
			sourceTree = "<group>";
		};
		FA366D36204E9D340019C725 /* Network */ = {
			isa = PBXGroup;
			children = (
				FA366D37204E9D460019C725 /* RestAPIBase.swift */,
				FA4ADC05204EEBC2008A7306 /* RestAPIAuthentication.swift */,
				FA11BC452052D39300DAD993 /* RestAPITask.swift */,
				FA2A79F9205AB72800F8C742 /* RestAPIUser.swift */,
			);
			path = Network;
			sourceTree = "<group>";
		};
		FA366D39204E9DD30019C725 /* Protocols */ = {
			isa = PBXGroup;
			children = (
				FA366D3A204E9E070019C725 /* Cancelable.swift */,
				FA728E792050159300F45D24 /* Output.swift */,
				FA728E7B2050166F00F45D24 /* Networkable.swift */,
				FAC810DA205C10B400588A47 /* Exitable.swift */,
				FA8361902068E9AF009EA912 /* Notifiable.swift */,
				FACFF0D5206BD09600B54461 /* Reachable.swift */,
				FAD5FE31206E80DB0049500C /* TaskPreviewCellProtocol.swift */,
			);
			path = Protocols;
			sourceTree = "<group>";
		};
		FA3DE4AA20595B5700D9DD28 /* CustomCell */ = {
			isa = PBXGroup;
			children = (
				FA3DE4AB205962FF00D9DD28 /* AddTaskCollectionViewCell.swift */,
				FA3DE4AD2059657300D9DD28 /* TaskPreviewCollectionViewCell.swift */,
			);
			path = CustomCell;
			sourceTree = "<group>";
		};
		FA59F1A520455421008F3F4D = {
			isa = PBXGroup;
			children = (
				FA3B29E32057CE1C0041B207 /* R.generated.swift */,
				FA59F1B020455422008F3F4D /* Epitech-Eisenhower */,
				FA59F1C520455422008F3F4D /* Epitech-EisenhowerTests */,
				FA59F1D020455422008F3F4D /* Epitech-EisenhowerUITests */,
				FA59F1AF20455422008F3F4D /* Products */,
				CAECBBF03F32F2D6D2043602 /* Pods */,
				96E5AC1E8F41F9F54E0482ED /* Frameworks */,
			);
			sourceTree = "<group>";
		};
		FA59F1AF20455422008F3F4D /* Products */ = {
			isa = PBXGroup;
			children = (
				FA59F1AE20455422008F3F4D /* Epitech-Eisenhower.app */,
				FA59F1C220455422008F3F4D /* Epitech-EisenhowerTests.xctest */,
				FA59F1CD20455422008F3F4D /* Epitech-EisenhowerUITests.xctest */,
			);
			name = Products;
			sourceTree = "<group>";
		};
		FA59F1B020455422008F3F4D /* Epitech-Eisenhower */ = {
			isa = PBXGroup;
			children = (
				FA245A922056AB8600D3874C /* Modules */,
				FA366D39204E9DD30019C725 /* Protocols */,
				FA366D36204E9D340019C725 /* Network */,
				FA59F1EA20455949008F3F4D /* Extensions */,
				FA59F1E7204558D7008F3F4D /* Constant */,
				FA59F1E220455770008F3F4D /* Models */,
				FA59F1DF204554FB008F3F4D /* Enum */,
				FA59F1B120455422008F3F4D /* AppDelegate.swift */,
				FA59F1B520455422008F3F4D /* Main.storyboard */,
				FA59F1B820455422008F3F4D /* Assets.xcassets */,
				FA59F1BA20455422008F3F4D /* LaunchScreen.storyboard */,
				FA59F1BD20455422008F3F4D /* Info.plist */,
			);
			path = "Epitech-Eisenhower";
			sourceTree = "<group>";
		};
		FA59F1C520455422008F3F4D /* Epitech-EisenhowerTests */ = {
			isa = PBXGroup;
			children = (
				FA59F1C620455422008F3F4D /* Epitech_EisenhowerTests.swift */,
				FA59F1C820455422008F3F4D /* Info.plist */,
			);
			path = "Epitech-EisenhowerTests";
			sourceTree = "<group>";
		};
		FA59F1D020455422008F3F4D /* Epitech-EisenhowerUITests */ = {
			isa = PBXGroup;
			children = (
				FA59F1D120455422008F3F4D /* Epitech_EisenhowerUITests.swift */,
				FA59F1D320455422008F3F4D /* Info.plist */,
			);
			path = "Epitech-EisenhowerUITests";
			sourceTree = "<group>";
		};
		FA59F1DF204554FB008F3F4D /* Enum */ = {
			isa = PBXGroup;
			children = (
				FA59F1E02045553B008F3F4D /* TaskType.swift */,
				FA366D2D204E9A520019C725 /* TaskState.swift */,
				FA2A79EF205AA5B400F8C742 /* RouteAPI.swift */,
				FACFF0CB206B8E1F00B54461 /* ProfilePicture.swift */,
				FACFF0D3206BCF3D00B54461 /* NetworkError.swift */,
			);
			path = Enum;
			sourceTree = "<group>";
		};
		FA59F1E220455770008F3F4D /* Models */ = {
			isa = PBXGroup;
			children = (
				FA59F1E320455787008F3F4D /* Task.swift */,
				FA59F1E520455836008F3F4D /* User.swift */,
				FA3DE4A82059546800D9DD28 /* TaskList.swift */,
				FAEA65892068FCFB0087AD34 /* UserList.swift */,
				FAA2BA57206D0B6E0059DB33 /* LogResponse.swift */,
			);
			path = Models;
			sourceTree = "<group>";
		};
		FA59F1E7204558D7008F3F4D /* Constant */ = {
			isa = PBXGroup;
			children = (
				FA59F1E8204558E9008F3F4D /* Constants.swift */,
			);
			path = Constant;
			sourceTree = "<group>";
		};
		FA59F1EA20455949008F3F4D /* Extensions */ = {
			isa = PBXGroup;
			children = (
				FA59F1EB2045595D008F3F4D /* StringExtension.swift */,
				FA4ADC07204EF0AB008A7306 /* UIColorExtension.swift */,
				FA1D650A2056CE7200436616 /* UIButtonExtension.swift */,
				FA2A79ED205A7AA700F8C742 /* DateExtension.swift */,
				FAEBDAB0205BF87300B8953A /* UITextViewExtension.swift */,
				FA53D89F205FC112005C3C82 /* UIImageView.swift */,
			);
			path = Extensions;
			sourceTree = "<group>";
		};
		FAB37530204EA5C0007BE02C /* Login */ = {
			isa = PBXGroup;
			children = (
				FAB37531204EA5D2007BE02C /* LoginViewController.swift */,
				FAB37533204EA5E6007BE02C /* LoginPresenter.swift */,
				FAB37535204EA5F3007BE02C /* LoginInteractor.swift */,
				FA11BC432052D11700DAD993 /* LoginRouter.swift */,
			);
			path = Login;
			sourceTree = "<group>";
		};
		FACCA630206531BA00B46EB0 /* UserList */ = {
			isa = PBXGroup;
			children = (
				FAEA658B20691CFB0087AD34 /* CustomCell */,
				FACCA6312065358B00B46EB0 /* UserListRouter.swift */,
				FACCA6332065359800B46EB0 /* UserListPresenter.swift */,
				FACCA635206535A500B46EB0 /* UserListInteractor.swift */,
				FACCA637206535B100B46EB0 /* UserListViewController.swift */,
			);
			path = UserList;
			sourceTree = "<group>";
		};
		FAEA658B20691CFB0087AD34 /* CustomCell */ = {
			isa = PBXGroup;
			children = (
				FAEA658C20691E850087AD34 /* UserListTableViewCell.swift */,
			);
			path = CustomCell;
			sourceTree = "<group>";
		};
/* End PBXGroup section */

/* Begin PBXNativeTarget section */
		FA59F1AD20455422008F3F4D /* Epitech-Eisenhower */ = {
			isa = PBXNativeTarget;
			buildConfigurationList = FA59F1D620455422008F3F4D /* Build configuration list for PBXNativeTarget "Epitech-Eisenhower" */;
			buildPhases = (
				8EF8CAE2E374BCBB34297422 /* [CP] Check Pods Manifest.lock */,
				FA3B29E22057CDD80041B207 /* ShellScript */,
				FA59F1AA20455422008F3F4D /* Sources */,
				FA59F1AB20455422008F3F4D /* Frameworks */,
				FA59F1AC20455422008F3F4D /* Resources */,
				D3614F1911DA1A8452AAA82A /* [CP] Embed Pods Frameworks */,
				E0738EF0FBF098FA686006C4 /* [CP] Copy Pods Resources */,
			);
			buildRules = (
			);
			dependencies = (
			);
			name = "Epitech-Eisenhower";
			productName = "Epitech-Eisenhower";
			productReference = FA59F1AE20455422008F3F4D /* Epitech-Eisenhower.app */;
			productType = "com.apple.product-type.application";
		};
		FA59F1C120455422008F3F4D /* Epitech-EisenhowerTests */ = {
			isa = PBXNativeTarget;
			buildConfigurationList = FA59F1D920455422008F3F4D /* Build configuration list for PBXNativeTarget "Epitech-EisenhowerTests" */;
			buildPhases = (
				56211F9B014A3B4AE88AF63B /* [CP] Check Pods Manifest.lock */,
				FA59F1BE20455422008F3F4D /* Sources */,
				FA59F1BF20455422008F3F4D /* Frameworks */,
				FA59F1C020455422008F3F4D /* Resources */,
				E5DE564565872A1220C4201B /* [CP] Embed Pods Frameworks */,
				37B0AAF7C915C75ABDB58670 /* [CP] Copy Pods Resources */,
			);
			buildRules = (
			);
			dependencies = (
				FA59F1C420455422008F3F4D /* PBXTargetDependency */,
			);
			name = "Epitech-EisenhowerTests";
			productName = "Epitech-EisenhowerTests";
			productReference = FA59F1C220455422008F3F4D /* Epitech-EisenhowerTests.xctest */;
			productType = "com.apple.product-type.bundle.unit-test";
		};
		FA59F1CC20455422008F3F4D /* Epitech-EisenhowerUITests */ = {
			isa = PBXNativeTarget;
			buildConfigurationList = FA59F1DC20455422008F3F4D /* Build configuration list for PBXNativeTarget "Epitech-EisenhowerUITests" */;
			buildPhases = (
				BE7F74AA7467630999DF9AC4 /* [CP] Check Pods Manifest.lock */,
				FA59F1C920455422008F3F4D /* Sources */,
				FA59F1CA20455422008F3F4D /* Frameworks */,
				FA59F1CB20455422008F3F4D /* Resources */,
				8104CB020332B298D0529282 /* [CP] Embed Pods Frameworks */,
				33C946E83D59BDA338BC11C1 /* [CP] Copy Pods Resources */,
			);
			buildRules = (
			);
			dependencies = (
				FA59F1CF20455422008F3F4D /* PBXTargetDependency */,
			);
			name = "Epitech-EisenhowerUITests";
			productName = "Epitech-EisenhowerUITests";
			productReference = FA59F1CD20455422008F3F4D /* Epitech-EisenhowerUITests.xctest */;
			productType = "com.apple.product-type.bundle.ui-testing";
		};
/* End PBXNativeTarget section */

/* Begin PBXProject section */
		FA59F1A620455421008F3F4D /* Project object */ = {
			isa = PBXProject;
			attributes = {
				LastSwiftUpdateCheck = 0920;
				LastUpgradeCheck = 0920;
				ORGANIZATIONNAME = "Odet Alexandre";
				TargetAttributes = {
					FA59F1AD20455422008F3F4D = {
						CreatedOnToolsVersion = 9.2;
						ProvisioningStyle = Automatic;
					};
					FA59F1C120455422008F3F4D = {
						CreatedOnToolsVersion = 9.2;
						ProvisioningStyle = Automatic;
						TestTargetID = FA59F1AD20455422008F3F4D;
					};
					FA59F1CC20455422008F3F4D = {
						CreatedOnToolsVersion = 9.2;
						ProvisioningStyle = Automatic;
						TestTargetID = FA59F1AD20455422008F3F4D;
					};
				};
			};
			buildConfigurationList = FA59F1A920455421008F3F4D /* Build configuration list for PBXProject "Epitech-Eisenhower" */;
			compatibilityVersion = "Xcode 8.0";
			developmentRegion = en;
			hasScannedForEncodings = 0;
			knownRegions = (
				en,
				Base,
			);
			mainGroup = FA59F1A520455421008F3F4D;
			productRefGroup = FA59F1AF20455422008F3F4D /* Products */;
			projectDirPath = "";
			projectRoot = "";
			targets = (
				FA59F1AD20455422008F3F4D /* Epitech-Eisenhower */,
				FA59F1C120455422008F3F4D /* Epitech-EisenhowerTests */,
				FA59F1CC20455422008F3F4D /* Epitech-EisenhowerUITests */,
			);
		};
/* End PBXProject section */

/* Begin PBXResourcesBuildPhase section */
		FA59F1AC20455422008F3F4D /* Resources */ = {
			isa = PBXResourcesBuildPhase;
			buildActionMask = 2147483647;
			files = (
				FA59F1BC20455422008F3F4D /* LaunchScreen.storyboard in Resources */,
				FA59F1B920455422008F3F4D /* Assets.xcassets in Resources */,
				FA59F1B720455422008F3F4D /* Main.storyboard in Resources */,
			);
			runOnlyForDeploymentPostprocessing = 0;
		};
		FA59F1C020455422008F3F4D /* Resources */ = {
			isa = PBXResourcesBuildPhase;
			buildActionMask = 2147483647;
			files = (
			);
			runOnlyForDeploymentPostprocessing = 0;
		};
		FA59F1CB20455422008F3F4D /* Resources */ = {
			isa = PBXResourcesBuildPhase;
			buildActionMask = 2147483647;
			files = (
			);
			runOnlyForDeploymentPostprocessing = 0;
		};
/* End PBXResourcesBuildPhase section */

/* Begin PBXShellScriptBuildPhase section */
		33C946E83D59BDA338BC11C1 /* [CP] Copy Pods Resources */ = {
			isa = PBXShellScriptBuildPhase;
			buildActionMask = 2147483647;
			files = (
			);
			inputPaths = (
			);
			name = "[CP] Copy Pods Resources";
			outputPaths = (
			);
			runOnlyForDeploymentPostprocessing = 0;
			shellPath = /bin/sh;
			shellScript = "\"${SRCROOT}/Pods/Target Support Files/Pods-Epitech-EisenhowerUITests/Pods-Epitech-EisenhowerUITests-resources.sh\"\n";
			showEnvVarsInLog = 0;
		};
		37B0AAF7C915C75ABDB58670 /* [CP] Copy Pods Resources */ = {
			isa = PBXShellScriptBuildPhase;
			buildActionMask = 2147483647;
			files = (
			);
			inputPaths = (
			);
			name = "[CP] Copy Pods Resources";
			outputPaths = (
			);
			runOnlyForDeploymentPostprocessing = 0;
			shellPath = /bin/sh;
			shellScript = "\"${SRCROOT}/Pods/Target Support Files/Pods-Epitech-EisenhowerTests/Pods-Epitech-EisenhowerTests-resources.sh\"\n";
			showEnvVarsInLog = 0;
		};
		56211F9B014A3B4AE88AF63B /* [CP] Check Pods Manifest.lock */ = {
			isa = PBXShellScriptBuildPhase;
			buildActionMask = 2147483647;
			files = (
			);
			inputPaths = (
				"${PODS_PODFILE_DIR_PATH}/Podfile.lock",
				"${PODS_ROOT}/Manifest.lock",
			);
			name = "[CP] Check Pods Manifest.lock";
			outputPaths = (
				"$(DERIVED_FILE_DIR)/Pods-Epitech-EisenhowerTests-checkManifestLockResult.txt",
			);
			runOnlyForDeploymentPostprocessing = 0;
			shellPath = /bin/sh;
			shellScript = "diff \"${PODS_PODFILE_DIR_PATH}/Podfile.lock\" \"${PODS_ROOT}/Manifest.lock\" > /dev/null\nif [ $? != 0 ] ; then\n    # print error to STDERR\n    echo \"error: The sandbox is not in sync with the Podfile.lock. Run 'pod install' or update your CocoaPods installation.\" >&2\n    exit 1\nfi\n# This output is used by Xcode 'outputs' to avoid re-running this script phase.\necho \"SUCCESS\" > \"${SCRIPT_OUTPUT_FILE_0}\"\n";
			showEnvVarsInLog = 0;
		};
		8104CB020332B298D0529282 /* [CP] Embed Pods Frameworks */ = {
			isa = PBXShellScriptBuildPhase;
			buildActionMask = 2147483647;
			files = (
			);
			inputPaths = (
			);
			name = "[CP] Embed Pods Frameworks";
			outputPaths = (
			);
			runOnlyForDeploymentPostprocessing = 0;
			shellPath = /bin/sh;
			shellScript = "\"${SRCROOT}/Pods/Target Support Files/Pods-Epitech-EisenhowerUITests/Pods-Epitech-EisenhowerUITests-frameworks.sh\"\n";
			showEnvVarsInLog = 0;
		};
		8EF8CAE2E374BCBB34297422 /* [CP] Check Pods Manifest.lock */ = {
			isa = PBXShellScriptBuildPhase;
			buildActionMask = 2147483647;
			files = (
			);
			inputPaths = (
				"${PODS_PODFILE_DIR_PATH}/Podfile.lock",
				"${PODS_ROOT}/Manifest.lock",
			);
			name = "[CP] Check Pods Manifest.lock";
			outputPaths = (
				"$(DERIVED_FILE_DIR)/Pods-Epitech-Eisenhower-checkManifestLockResult.txt",
			);
			runOnlyForDeploymentPostprocessing = 0;
			shellPath = /bin/sh;
			shellScript = "diff \"${PODS_PODFILE_DIR_PATH}/Podfile.lock\" \"${PODS_ROOT}/Manifest.lock\" > /dev/null\nif [ $? != 0 ] ; then\n    # print error to STDERR\n    echo \"error: The sandbox is not in sync with the Podfile.lock. Run 'pod install' or update your CocoaPods installation.\" >&2\n    exit 1\nfi\n# This output is used by Xcode 'outputs' to avoid re-running this script phase.\necho \"SUCCESS\" > \"${SCRIPT_OUTPUT_FILE_0}\"\n";
			showEnvVarsInLog = 0;
		};
		BE7F74AA7467630999DF9AC4 /* [CP] Check Pods Manifest.lock */ = {
			isa = PBXShellScriptBuildPhase;
			buildActionMask = 2147483647;
			files = (
			);
			inputPaths = (
				"${PODS_PODFILE_DIR_PATH}/Podfile.lock",
				"${PODS_ROOT}/Manifest.lock",
			);
			name = "[CP] Check Pods Manifest.lock";
			outputPaths = (
				"$(DERIVED_FILE_DIR)/Pods-Epitech-EisenhowerUITests-checkManifestLockResult.txt",
			);
			runOnlyForDeploymentPostprocessing = 0;
			shellPath = /bin/sh;
			shellScript = "diff \"${PODS_PODFILE_DIR_PATH}/Podfile.lock\" \"${PODS_ROOT}/Manifest.lock\" > /dev/null\nif [ $? != 0 ] ; then\n    # print error to STDERR\n    echo \"error: The sandbox is not in sync with the Podfile.lock. Run 'pod install' or update your CocoaPods installation.\" >&2\n    exit 1\nfi\n# This output is used by Xcode 'outputs' to avoid re-running this script phase.\necho \"SUCCESS\" > \"${SCRIPT_OUTPUT_FILE_0}\"\n";
			showEnvVarsInLog = 0;
		};
		D3614F1911DA1A8452AAA82A /* [CP] Embed Pods Frameworks */ = {
			isa = PBXShellScriptBuildPhase;
			buildActionMask = 2147483647;
			files = (
			);
			inputPaths = (
				"${SRCROOT}/Pods/Target Support Files/Pods-Epitech-Eisenhower/Pods-Epitech-Eisenhower-frameworks.sh",
				"${BUILT_PRODUCTS_DIR}/Alamofire/Alamofire.framework",
				"${BUILT_PRODUCTS_DIR}/AlamofireObjectMapper/AlamofireObjectMapper.framework",
				"${BUILT_PRODUCTS_DIR}/ObjectMapper/ObjectMapper.framework",
				"${BUILT_PRODUCTS_DIR}/R.swift.Library/Rswift.framework",
				"${BUILT_PRODUCTS_DIR}/RxSwift/RxSwift.framework",
				"${BUILT_PRODUCTS_DIR}/SwiftOverlays/SwiftOverlays.framework",
			);
			name = "[CP] Embed Pods Frameworks";
			outputPaths = (
				"${TARGET_BUILD_DIR}/${FRAMEWORKS_FOLDER_PATH}/Alamofire.framework",
				"${TARGET_BUILD_DIR}/${FRAMEWORKS_FOLDER_PATH}/AlamofireObjectMapper.framework",
				"${TARGET_BUILD_DIR}/${FRAMEWORKS_FOLDER_PATH}/ObjectMapper.framework",
				"${TARGET_BUILD_DIR}/${FRAMEWORKS_FOLDER_PATH}/Rswift.framework",
				"${TARGET_BUILD_DIR}/${FRAMEWORKS_FOLDER_PATH}/RxSwift.framework",
				"${TARGET_BUILD_DIR}/${FRAMEWORKS_FOLDER_PATH}/SwiftOverlays.framework",
			);
			runOnlyForDeploymentPostprocessing = 0;
			shellPath = /bin/sh;
			shellScript = "\"${SRCROOT}/Pods/Target Support Files/Pods-Epitech-Eisenhower/Pods-Epitech-Eisenhower-frameworks.sh\"\n";
			showEnvVarsInLog = 0;
		};
		E0738EF0FBF098FA686006C4 /* [CP] Copy Pods Resources */ = {
			isa = PBXShellScriptBuildPhase;
			buildActionMask = 2147483647;
			files = (
			);
			inputPaths = (
			);
			name = "[CP] Copy Pods Resources";
			outputPaths = (
			);
			runOnlyForDeploymentPostprocessing = 0;
			shellPath = /bin/sh;
			shellScript = "\"${SRCROOT}/Pods/Target Support Files/Pods-Epitech-Eisenhower/Pods-Epitech-Eisenhower-resources.sh\"\n";
			showEnvVarsInLog = 0;
		};
		E5DE564565872A1220C4201B /* [CP] Embed Pods Frameworks */ = {
			isa = PBXShellScriptBuildPhase;
			buildActionMask = 2147483647;
			files = (
			);
			inputPaths = (
			);
			name = "[CP] Embed Pods Frameworks";
			outputPaths = (
			);
			runOnlyForDeploymentPostprocessing = 0;
			shellPath = /bin/sh;
			shellScript = "\"${SRCROOT}/Pods/Target Support Files/Pods-Epitech-EisenhowerTests/Pods-Epitech-EisenhowerTests-frameworks.sh\"\n";
			showEnvVarsInLog = 0;
		};
		FA3B29E22057CDD80041B207 /* ShellScript */ = {
			isa = PBXShellScriptBuildPhase;
			buildActionMask = 2147483647;
			files = (
			);
			inputPaths = (
			);
			outputPaths = (
			);
			runOnlyForDeploymentPostprocessing = 0;
			shellPath = /bin/sh;
			shellScript = "\"$PODS_ROOT/R.swift/rswift\" generate \"$SRCROOT\"";
		};
/* End PBXShellScriptBuildPhase section */

/* Begin PBXSourcesBuildPhase section */
		FA59F1AA20455422008F3F4D /* Sources */ = {
			isa = PBXSourcesBuildPhase;
			buildActionMask = 2147483647;
			files = (
				FA4ADC08204EF0AB008A7306 /* UIColorExtension.swift in Sources */,
				FACCA636206535A500B46EB0 /* UserListInteractor.swift in Sources */,
				FAD5FE32206E80DB0049500C /* TaskPreviewCellProtocol.swift in Sources */,
				FA1D650B2056CE7200436616 /* UIButtonExtension.swift in Sources */,
				FA2A79F0205AA5B400F8C742 /* RouteAPI.swift in Sources */,
				FAEA658D20691E850087AD34 /* UserListTableViewCell.swift in Sources */,
				FACCA6322065358B00B46EB0 /* UserListRouter.swift in Sources */,
				FACCA638206535B100B46EB0 /* UserListViewController.swift in Sources */,
				FAB37532204EA5D2007BE02C /* LoginViewController.swift in Sources */,
				FA3DE4AE2059657300D9DD28 /* TaskPreviewCollectionViewCell.swift in Sources */,
				FA2A79F8205AB10000F8C742 /* TaskDetailViewController.swift in Sources */,
				FA2A79F6205AB0BE00F8C742 /* TaskInteractor.swift in Sources */,
				FAC810DB205C10B400588A47 /* Exitable.swift in Sources */,
				FA59F1E420455787008F3F4D /* Task.swift in Sources */,
				FA366D35204E9D140019C725 /* HomeInteractor.swift in Sources */,
				FA728E7C2050166F00F45D24 /* Networkable.swift in Sources */,
				FA8361912068E9AF009EA912 /* Notifiable.swift in Sources */,
				FA728E7A2050159300F45D24 /* Output.swift in Sources */,
				FA366D3B204E9E070019C725 /* Cancelable.swift in Sources */,
				FA2A79EE205A7AA700F8C742 /* DateExtension.swift in Sources */,
				FACFF0D4206BCF3D00B54461 /* NetworkError.swift in Sources */,
				FA2A79F2205AB0A700F8C742 /* TaksRouter.swift in Sources */,
				FAB37536204EA5F3007BE02C /* LoginInteractor.swift in Sources */,
				FA2A79F4205AB0B100F8C742 /* TaskPresenter.swift in Sources */,
				FA59F1EC2045595D008F3F4D /* StringExtension.swift in Sources */,
				FA2A79FA205AB72800F8C742 /* RestAPIUser.swift in Sources */,
				FA3B29DF2057C82C0041B207 /* ProfileInteractor.swift in Sources */,
				FA366D38204E9D460019C725 /* RestAPIBase.swift in Sources */,
				FA50C5D92057C02E0040631F /* HomeRouter.swift in Sources */,
				FA4ADC06204EEBC2008A7306 /* RestAPIAuthentication.swift in Sources */,
				FA3B29DB2057C7580041B207 /* ProfileDetailViewController.swift in Sources */,
				FACFF0CC206B8E1F00B54461 /* ProfilePicture.swift in Sources */,
				FA3B29E42057CE1C0041B207 /* R.generated.swift in Sources */,
				FA59F1E12045553B008F3F4D /* TaskType.swift in Sources */,
				FAEA658A2068FCFB0087AD34 /* UserList.swift in Sources */,
				FA366D33204E9D060019C725 /* HomePresenter.swift in Sources */,
				FA53D8A0205FC112005C3C82 /* UIImageView.swift in Sources */,
				FAB37534204EA5E6007BE02C /* LoginPresenter.swift in Sources */,
				FA59F1E620455836008F3F4D /* User.swift in Sources */,
				FA3B29DD2057C7AB0041B207 /* ProfilePresenter.swift in Sources */,
				FA366D31204E9CE10019C725 /* HomeViewController.swift in Sources */,
				FA3B29E12057C8490041B207 /* ProfileRouter.swift in Sources */,
				FAA2BA58206D0B6E0059DB33 /* LogResponse.swift in Sources */,
				FA59F1B220455422008F3F4D /* AppDelegate.swift in Sources */,
				FACFF0D6206BD09600B54461 /* Reachable.swift in Sources */,
				FA366D2E204E9A520019C725 /* TaskState.swift in Sources */,
				FACCA6342065359800B46EB0 /* UserListPresenter.swift in Sources */,
				FA11BC462052D39300DAD993 /* RestAPITask.swift in Sources */,
				FA11BC442052D11700DAD993 /* LoginRouter.swift in Sources */,
				FA3DE4A92059546800D9DD28 /* TaskList.swift in Sources */,
				FAEBDAB1205BF87300B8953A /* UITextViewExtension.swift in Sources */,
				FA59F1E9204558E9008F3F4D /* Constants.swift in Sources */,
				FA3DE4AC205962FF00D9DD28 /* AddTaskCollectionViewCell.swift in Sources */,
			);
			runOnlyForDeploymentPostprocessing = 0;
		};
		FA59F1BE20455422008F3F4D /* Sources */ = {
			isa = PBXSourcesBuildPhase;
			buildActionMask = 2147483647;
			files = (
				FA59F1C720455422008F3F4D /* Epitech_EisenhowerTests.swift in Sources */,
			);
			runOnlyForDeploymentPostprocessing = 0;
		};
		FA59F1C920455422008F3F4D /* Sources */ = {
			isa = PBXSourcesBuildPhase;
			buildActionMask = 2147483647;
			files = (
				FA59F1D220455422008F3F4D /* Epitech_EisenhowerUITests.swift in Sources */,
			);
			runOnlyForDeploymentPostprocessing = 0;
		};
/* End PBXSourcesBuildPhase section */

/* Begin PBXTargetDependency section */
		FA59F1C420455422008F3F4D /* PBXTargetDependency */ = {
			isa = PBXTargetDependency;
			target = FA59F1AD20455422008F3F4D /* Epitech-Eisenhower */;
			targetProxy = FA59F1C320455422008F3F4D /* PBXContainerItemProxy */;
		};
		FA59F1CF20455422008F3F4D /* PBXTargetDependency */ = {
			isa = PBXTargetDependency;
			target = FA59F1AD20455422008F3F4D /* Epitech-Eisenhower */;
			targetProxy = FA59F1CE20455422008F3F4D /* PBXContainerItemProxy */;
		};
/* End PBXTargetDependency section */

/* Begin PBXVariantGroup section */
		FA59F1B520455422008F3F4D /* Main.storyboard */ = {
			isa = PBXVariantGroup;
			children = (
				FA59F1B620455422008F3F4D /* Base */,
			);
			name = Main.storyboard;
			sourceTree = "<group>";
		};
		FA59F1BA20455422008F3F4D /* LaunchScreen.storyboard */ = {
			isa = PBXVariantGroup;
			children = (
				FA59F1BB20455422008F3F4D /* Base */,
			);
			name = LaunchScreen.storyboard;
			sourceTree = "<group>";
		};
/* End PBXVariantGroup section */

/* Begin XCBuildConfiguration section */
		FA59F1D420455422008F3F4D /* Debug */ = {
			isa = XCBuildConfiguration;
			buildSettings = {
				ALWAYS_SEARCH_USER_PATHS = NO;
				CLANG_ANALYZER_NONNULL = YES;
				CLANG_ANALYZER_NUMBER_OBJECT_CONVERSION = YES_AGGRESSIVE;
				CLANG_CXX_LANGUAGE_STANDARD = "gnu++14";
				CLANG_CXX_LIBRARY = "libc++";
				CLANG_ENABLE_MODULES = YES;
				CLANG_ENABLE_OBJC_ARC = YES;
				CLANG_WARN_BLOCK_CAPTURE_AUTORELEASING = YES;
				CLANG_WARN_BOOL_CONVERSION = YES;
				CLANG_WARN_COMMA = YES;
				CLANG_WARN_CONSTANT_CONVERSION = YES;
				CLANG_WARN_DIRECT_OBJC_ISA_USAGE = YES_ERROR;
				CLANG_WARN_DOCUMENTATION_COMMENTS = YES;
				CLANG_WARN_EMPTY_BODY = YES;
				CLANG_WARN_ENUM_CONVERSION = YES;
				CLANG_WARN_INFINITE_RECURSION = YES;
				CLANG_WARN_INT_CONVERSION = YES;
				CLANG_WARN_NON_LITERAL_NULL_CONVERSION = YES;
				CLANG_WARN_OBJC_LITERAL_CONVERSION = YES;
				CLANG_WARN_OBJC_ROOT_CLASS = YES_ERROR;
				CLANG_WARN_RANGE_LOOP_ANALYSIS = YES;
				CLANG_WARN_STRICT_PROTOTYPES = YES;
				CLANG_WARN_SUSPICIOUS_MOVE = YES;
				CLANG_WARN_UNGUARDED_AVAILABILITY = YES_AGGRESSIVE;
				CLANG_WARN_UNREACHABLE_CODE = YES;
				CLANG_WARN__DUPLICATE_METHOD_MATCH = YES;
				CODE_SIGN_IDENTITY = "iPhone Developer";
				COPY_PHASE_STRIP = NO;
				DEBUG_INFORMATION_FORMAT = dwarf;
				ENABLE_STRICT_OBJC_MSGSEND = YES;
				ENABLE_TESTABILITY = YES;
				GCC_C_LANGUAGE_STANDARD = gnu11;
				GCC_DYNAMIC_NO_PIC = NO;
				GCC_NO_COMMON_BLOCKS = YES;
				GCC_OPTIMIZATION_LEVEL = 0;
				GCC_PREPROCESSOR_DEFINITIONS = (
					"DEBUG=1",
					"$(inherited)",
				);
				GCC_WARN_64_TO_32_BIT_CONVERSION = YES;
				GCC_WARN_ABOUT_RETURN_TYPE = YES_ERROR;
				GCC_WARN_UNDECLARED_SELECTOR = YES;
				GCC_WARN_UNINITIALIZED_AUTOS = YES_AGGRESSIVE;
				GCC_WARN_UNUSED_FUNCTION = YES;
				GCC_WARN_UNUSED_VARIABLE = YES;
				IPHONEOS_DEPLOYMENT_TARGET = 11.2;
				MTL_ENABLE_DEBUG_INFO = YES;
				ONLY_ACTIVE_ARCH = YES;
				SDKROOT = iphoneos;
				SWIFT_ACTIVE_COMPILATION_CONDITIONS = DEBUG;
				SWIFT_OPTIMIZATION_LEVEL = "-Onone";
			};
			name = Debug;
		};
		FA59F1D520455422008F3F4D /* Release */ = {
			isa = XCBuildConfiguration;
			buildSettings = {
				ALWAYS_SEARCH_USER_PATHS = NO;
				CLANG_ANALYZER_NONNULL = YES;
				CLANG_ANALYZER_NUMBER_OBJECT_CONVERSION = YES_AGGRESSIVE;
				CLANG_CXX_LANGUAGE_STANDARD = "gnu++14";
				CLANG_CXX_LIBRARY = "libc++";
				CLANG_ENABLE_MODULES = YES;
				CLANG_ENABLE_OBJC_ARC = YES;
				CLANG_WARN_BLOCK_CAPTURE_AUTORELEASING = YES;
				CLANG_WARN_BOOL_CONVERSION = YES;
				CLANG_WARN_COMMA = YES;
				CLANG_WARN_CONSTANT_CONVERSION = YES;
				CLANG_WARN_DIRECT_OBJC_ISA_USAGE = YES_ERROR;
				CLANG_WARN_DOCUMENTATION_COMMENTS = YES;
				CLANG_WARN_EMPTY_BODY = YES;
				CLANG_WARN_ENUM_CONVERSION = YES;
				CLANG_WARN_INFINITE_RECURSION = YES;
				CLANG_WARN_INT_CONVERSION = YES;
				CLANG_WARN_NON_LITERAL_NULL_CONVERSION = YES;
				CLANG_WARN_OBJC_LITERAL_CONVERSION = YES;
				CLANG_WARN_OBJC_ROOT_CLASS = YES_ERROR;
				CLANG_WARN_RANGE_LOOP_ANALYSIS = YES;
				CLANG_WARN_STRICT_PROTOTYPES = YES;
				CLANG_WARN_SUSPICIOUS_MOVE = YES;
				CLANG_WARN_UNGUARDED_AVAILABILITY = YES_AGGRESSIVE;
				CLANG_WARN_UNREACHABLE_CODE = YES;
				CLANG_WARN__DUPLICATE_METHOD_MATCH = YES;
				CODE_SIGN_IDENTITY = "iPhone Developer";
				COPY_PHASE_STRIP = NO;
				DEBUG_INFORMATION_FORMAT = "dwarf-with-dsym";
				ENABLE_NS_ASSERTIONS = NO;
				ENABLE_STRICT_OBJC_MSGSEND = YES;
				GCC_C_LANGUAGE_STANDARD = gnu11;
				GCC_NO_COMMON_BLOCKS = YES;
				GCC_WARN_64_TO_32_BIT_CONVERSION = YES;
				GCC_WARN_ABOUT_RETURN_TYPE = YES_ERROR;
				GCC_WARN_UNDECLARED_SELECTOR = YES;
				GCC_WARN_UNINITIALIZED_AUTOS = YES_AGGRESSIVE;
				GCC_WARN_UNUSED_FUNCTION = YES;
				GCC_WARN_UNUSED_VARIABLE = YES;
				IPHONEOS_DEPLOYMENT_TARGET = 11.2;
				MTL_ENABLE_DEBUG_INFO = NO;
				SDKROOT = iphoneos;
				SWIFT_OPTIMIZATION_LEVEL = "-Owholemodule";
				VALIDATE_PRODUCT = YES;
			};
			name = Release;
		};
		FA59F1D720455422008F3F4D /* Debug */ = {
			isa = XCBuildConfiguration;
			baseConfigurationReference = F4D0E168341AA4DD19133479 /* Pods-Epitech-Eisenhower.debug.xcconfig */;
			buildSettings = {
				ASSETCATALOG_COMPILER_APPICON_NAME = AppIcon;
				CODE_SIGN_STYLE = Automatic;
				DEVELOPMENT_TEAM = 245FL8M245;
				INFOPLIST_FILE = "Epitech-Eisenhower/Info.plist";
				LD_RUNPATH_SEARCH_PATHS = "$(inherited) @executable_path/Frameworks";
				PRODUCT_BUNDLE_IDENTIFIER = "odetAlexandre.Epitech-Eisenhower";
				PRODUCT_NAME = "$(TARGET_NAME)";
				SWIFT_VERSION = 4.0;
				TARGETED_DEVICE_FAMILY = "1,2";
			};
			name = Debug;
		};
		FA59F1D820455422008F3F4D /* Release */ = {
			isa = XCBuildConfiguration;
			baseConfigurationReference = 9D52EC8BCFBA68D4E0E79418 /* Pods-Epitech-Eisenhower.release.xcconfig */;
			buildSettings = {
				ASSETCATALOG_COMPILER_APPICON_NAME = AppIcon;
				CODE_SIGN_STYLE = Automatic;
				DEVELOPMENT_TEAM = 245FL8M245;
				INFOPLIST_FILE = "Epitech-Eisenhower/Info.plist";
				LD_RUNPATH_SEARCH_PATHS = "$(inherited) @executable_path/Frameworks";
				PRODUCT_BUNDLE_IDENTIFIER = "odetAlexandre.Epitech-Eisenhower";
				PRODUCT_NAME = "$(TARGET_NAME)";
				SWIFT_VERSION = 4.0;
				TARGETED_DEVICE_FAMILY = "1,2";
			};
			name = Release;
		};
		FA59F1DA20455422008F3F4D /* Debug */ = {
			isa = XCBuildConfiguration;
			baseConfigurationReference = 2EE6407A168479F72DAF5FDA /* Pods-Epitech-EisenhowerTests.debug.xcconfig */;
			buildSettings = {
				ALWAYS_EMBED_SWIFT_STANDARD_LIBRARIES = YES;
				BUNDLE_LOADER = "$(TEST_HOST)";
				CODE_SIGN_STYLE = Automatic;
				DEVELOPMENT_TEAM = 245FL8M245;
				INFOPLIST_FILE = "Epitech-EisenhowerTests/Info.plist";
				LD_RUNPATH_SEARCH_PATHS = "$(inherited) @executable_path/Frameworks @loader_path/Frameworks";
				PRODUCT_BUNDLE_IDENTIFIER = "odetAlexandre.Epitech-EisenhowerTests";
				PRODUCT_NAME = "$(TARGET_NAME)";
				SWIFT_VERSION = 4.0;
				TARGETED_DEVICE_FAMILY = "1,2";
				TEST_HOST = "$(BUILT_PRODUCTS_DIR)/Epitech-Eisenhower.app/Epitech-Eisenhower";
			};
			name = Debug;
		};
		FA59F1DB20455422008F3F4D /* Release */ = {
			isa = XCBuildConfiguration;
			baseConfigurationReference = 2BAD69650A869439D6A43DB1 /* Pods-Epitech-EisenhowerTests.release.xcconfig */;
			buildSettings = {
				ALWAYS_EMBED_SWIFT_STANDARD_LIBRARIES = YES;
				BUNDLE_LOADER = "$(TEST_HOST)";
				CODE_SIGN_STYLE = Automatic;
				DEVELOPMENT_TEAM = 245FL8M245;
				INFOPLIST_FILE = "Epitech-EisenhowerTests/Info.plist";
				LD_RUNPATH_SEARCH_PATHS = "$(inherited) @executable_path/Frameworks @loader_path/Frameworks";
				PRODUCT_BUNDLE_IDENTIFIER = "odetAlexandre.Epitech-EisenhowerTests";
				PRODUCT_NAME = "$(TARGET_NAME)";
				SWIFT_VERSION = 4.0;
				TARGETED_DEVICE_FAMILY = "1,2";
				TEST_HOST = "$(BUILT_PRODUCTS_DIR)/Epitech-Eisenhower.app/Epitech-Eisenhower";
			};
			name = Release;
		};
		FA59F1DD20455422008F3F4D /* Debug */ = {
			isa = XCBuildConfiguration;
			baseConfigurationReference = 387D61E1A37AF020728D05AF /* Pods-Epitech-EisenhowerUITests.debug.xcconfig */;
			buildSettings = {
				ALWAYS_EMBED_SWIFT_STANDARD_LIBRARIES = YES;
				CODE_SIGN_STYLE = Automatic;
				DEVELOPMENT_TEAM = 245FL8M245;
				INFOPLIST_FILE = "Epitech-EisenhowerUITests/Info.plist";
				LD_RUNPATH_SEARCH_PATHS = "$(inherited) @executable_path/Frameworks @loader_path/Frameworks";
				PRODUCT_BUNDLE_IDENTIFIER = "odetAlexandre.Epitech-EisenhowerUITests";
				PRODUCT_NAME = "$(TARGET_NAME)";
				SWIFT_VERSION = 4.0;
				TARGETED_DEVICE_FAMILY = "1,2";
				TEST_TARGET_NAME = "Epitech-Eisenhower";
			};
			name = Debug;
		};
		FA59F1DE20455422008F3F4D /* Release */ = {
			isa = XCBuildConfiguration;
			baseConfigurationReference = 01E30181FDA37739BF0D501C /* Pods-Epitech-EisenhowerUITests.release.xcconfig */;
			buildSettings = {
				ALWAYS_EMBED_SWIFT_STANDARD_LIBRARIES = YES;
				CODE_SIGN_STYLE = Automatic;
				DEVELOPMENT_TEAM = 245FL8M245;
				INFOPLIST_FILE = "Epitech-EisenhowerUITests/Info.plist";
				LD_RUNPATH_SEARCH_PATHS = "$(inherited) @executable_path/Frameworks @loader_path/Frameworks";
				PRODUCT_BUNDLE_IDENTIFIER = "odetAlexandre.Epitech-EisenhowerUITests";
				PRODUCT_NAME = "$(TARGET_NAME)";
				SWIFT_VERSION = 4.0;
				TARGETED_DEVICE_FAMILY = "1,2";
				TEST_TARGET_NAME = "Epitech-Eisenhower";
			};
			name = Release;
		};
/* End XCBuildConfiguration section */

/* Begin XCConfigurationList section */
		FA59F1A920455421008F3F4D /* Build configuration list for PBXProject "Epitech-Eisenhower" */ = {
			isa = XCConfigurationList;
			buildConfigurations = (
				FA59F1D420455422008F3F4D /* Debug */,
				FA59F1D520455422008F3F4D /* Release */,
			);
			defaultConfigurationIsVisible = 0;
			defaultConfigurationName = Release;
		};
		FA59F1D620455422008F3F4D /* Build configuration list for PBXNativeTarget "Epitech-Eisenhower" */ = {
			isa = XCConfigurationList;
			buildConfigurations = (
				FA59F1D720455422008F3F4D /* Debug */,
				FA59F1D820455422008F3F4D /* Release */,
			);
			defaultConfigurationIsVisible = 0;
			defaultConfigurationName = Release;
		};
		FA59F1D920455422008F3F4D /* Build configuration list for PBXNativeTarget "Epitech-EisenhowerTests" */ = {
			isa = XCConfigurationList;
			buildConfigurations = (
				FA59F1DA20455422008F3F4D /* Debug */,
				FA59F1DB20455422008F3F4D /* Release */,
			);
			defaultConfigurationIsVisible = 0;
			defaultConfigurationName = Release;
		};
		FA59F1DC20455422008F3F4D /* Build configuration list for PBXNativeTarget "Epitech-EisenhowerUITests" */ = {
			isa = XCConfigurationList;
			buildConfigurations = (
				FA59F1DD20455422008F3F4D /* Debug */,
				FA59F1DE20455422008F3F4D /* Release */,
			);
			defaultConfigurationIsVisible = 0;
			defaultConfigurationName = Release;
		};
/* End XCConfigurationList section */
	};
	rootObject = FA59F1A620455421008F3F4D /* Project object */;
}
